
Microsoft Visual Studio Solution File, Format Version 12.00
# Visual Studio Version 16
VisualStudioVersion = 16.0.31129.286
MinimumVisualStudioVersion = 10.0.40219.1
Project("{9A19103F-16F7-4668-BE54-9A1E7A4F7556}") = "WebAPI", "WebAPI\WebAPI.csproj", "{DFB63CD5-554F-4922-8F6B-8D51CB3F7FEC}"
EndProject
Project("{FAE04EC0-301F-11D3-BF4B-00C04F79EFBC}") = "NUnitTestProject", "NUnitTestProject\NUnitTestProject.csproj", "{6D144C28-138C-4062-9A3C-F40BC31C745F}"
EndProject
Global
	GlobalSection(SolutionConfigurationPlatforms) = preSolution
		Debug|Any CPU = Debug|Any CPU
		Release|Any CPU = Release|Any CPU
	EndGlobalSection
	GlobalSection(ProjectConfigurationPlatforms) = postSolution
		{DFB63CD5-554F-4922-8F6B-8D51CB3F7FEC}.Debug|Any CPU.ActiveCfg = Debug|Any CPU
		{DFB63CD5-554F-4922-8F6B-8D51CB3F7FEC}.Debug|Any CPU.Build.0 = Debug|Any CPU
		{DFB63CD5-554F-4922-8F6B-8D51CB3F7FEC}.Release|Any CPU.ActiveCfg = Release|Any CPU
		{DFB63CD5-554F-4922-8F6B-8D51CB3F7FEC}.Release|Any CPU.Build.0 = Release|Any CPU
		{6D144C28-138C-4062-9A3C-F40BC31C745F}.Debug|Any CPU.ActiveCfg = Debug|Any CPU
		{6D144C28-138C-4062-9A3C-F40BC31C745F}.Debug|Any CPU.Build.0 = Debug|Any CPU
		{6D144C28-138C-4062-9A3C-F40BC31C745F}.Release|Any CPU.ActiveCfg = Release|Any CPU
		{6D144C28-138C-4062-9A3C-F40BC31C745F}.Release|Any CPU.Build.0 = Release|Any CPU
	EndGlobalSection
	GlobalSection(SolutionProperties) = preSolution
		HideSolutionNode = FALSE
	EndGlobalSection
	GlobalSection(ExtensibilityGlobals) = postSolution
		SolutionGuid = {678F7FB3-9CC5-4BF5-90D7-30C3AA656FDB}
	EndGlobalSection
EndGlobal
